
Microsoft Visual Studio Solution File, Format Version 12.00
# Visual Studio Version 16
VisualStudioVersion = 16.0.30517.126
MinimumVisualStudioVersion = 10.0.40219.1
Project("{FAE04EC0-301F-11D3-BF4B-00C04F79EFBC}") = "RipNotepadRT", "RipNotepadRT\RipNotepadRT.csproj", "{D1528588-EB79-4479-B460-BF458F890A38}"
EndProject
Global
	GlobalSection(SolutionConfigurationPlatforms) = preSolution
		Debug|Any CPU = Debug|Any CPU
		Release|Any CPU = Release|Any CPU
	EndGlobalSection
	GlobalSection(ProjectConfigurationPlatforms) = postSolution
		{D1528588-EB79-4479-B460-BF458F890A38}.Debug|Any CPU.ActiveCfg = Debug|Any CPU
		{D1528588-EB79-4479-B460-BF458F890A38}.Debug|Any CPU.Build.0 = Debug|Any CPU
		{D1528588-EB79-4479-B460-BF458F890A38}.Release|Any CPU.ActiveCfg = Release|Any CPU
		{D1528588-EB79-4479-B460-BF458F890A38}.Release|Any CPU.Build.0 = Release|Any CPU
	EndGlobalSection
	GlobalSection(SolutionProperties) = preSolution
		HideSolutionNode = FALSE
	EndGlobalSection
	GlobalSection(ExtensibilityGlobals) = postSolution
		SolutionGuid = {5EBD5322-56F4-4928-9E9D-91AE726F72BB}
	EndGlobalSection
EndGlobal
